
Microsoft Visual Studio Solution File, Format Version 12.00
Project("{FAE04EC0-301F-11D3-BF4B-00C04F79EFBC}") = "CodeGenerators.Test", "CodeGenerators.Test\CodeGenerators.Test.csproj", "{149AD66F-86F8-4B2B-A398-BD167A496AD7}"
EndProject
Project("{FAE04EC0-301F-11D3-BF4B-00C04F79EFBC}") = "Runner", "Runner\Runner.csproj", "{06D58E05-10E5-46B6-B2A1-A123FE72AFC8}"
EndProject
Global
	GlobalSection(SolutionConfigurationPlatforms) = preSolution
		Debug|Any CPU = Debug|Any CPU
		Release|Any CPU = Release|Any CPU
	EndGlobalSection
	GlobalSection(ProjectConfigurationPlatforms) = postSolution
		{149AD66F-86F8-4B2B-A398-BD167A496AD7}.Debug|Any CPU.ActiveCfg = Debug|Any CPU
		{149AD66F-86F8-4B2B-A398-BD167A496AD7}.Debug|Any CPU.Build.0 = Debug|Any CPU
		{149AD66F-86F8-4B2B-A398-BD167A496AD7}.Release|Any CPU.ActiveCfg = Release|Any CPU
		{149AD66F-86F8-4B2B-A398-BD167A496AD7}.Release|Any CPU.Build.0 = Release|Any CPU
		{06D58E05-10E5-46B6-B2A1-A123FE72AFC8}.Debug|Any CPU.ActiveCfg = Debug|Any CPU
		{06D58E05-10E5-46B6-B2A1-A123FE72AFC8}.Debug|Any CPU.Build.0 = Debug|Any CPU
		{06D58E05-10E5-46B6-B2A1-A123FE72AFC8}.Release|Any CPU.ActiveCfg = Release|Any CPU
		{06D58E05-10E5-46B6-B2A1-A123FE72AFC8}.Release|Any CPU.Build.0 = Release|Any CPU
	EndGlobalSection
EndGlobal
